
Microsoft Visual Studio Solution File, Format Version 12.00
# Visual Studio 15
VisualStudioVersion = 15.0.27004.2006
MinimumVisualStudioVersion = 10.0.40219.1
Project("{FAE04EC0-301F-11D3-BF4B-00C04F79EFBC}") = "Classes1", "Classes1\Classes1.csproj", "{8E2BF60C-0F2F-4EA5-9442-E2659C500AC4}"
EndProject
Project("{FAE04EC0-301F-11D3-BF4B-00C04F79EFBC}") = "Classes2", "Classes2\Classes2.csproj", "{5002C2B4-4AA6-4F9F-AB00-1CCB7FC97C72}"
EndProject
Project("{FAE04EC0-301F-11D3-BF4B-00C04F79EFBC}") = "Classes3", "Classes3\Classes3.csproj", "{81267BDD-667F-4834-AAFD-FDE43FB2F562}"
EndProject
Global
	GlobalSection(SolutionConfigurationPlatforms) = preSolution
		Debug|Any CPU = Debug|Any CPU
		Release|Any CPU = Release|Any CPU
	EndGlobalSection
	GlobalSection(ProjectConfigurationPlatforms) = postSolution
		{8E2BF60C-0F2F-4EA5-9442-E2659C500AC4}.Debug|Any CPU.ActiveCfg = Debug|Any CPU
		{8E2BF60C-0F2F-4EA5-9442-E2659C500AC4}.Debug|Any CPU.Build.0 = Debug|Any CPU
		{8E2BF60C-0F2F-4EA5-9442-E2659C500AC4}.Release|Any CPU.ActiveCfg = Release|Any CPU
		{8E2BF60C-0F2F-4EA5-9442-E2659C500AC4}.Release|Any CPU.Build.0 = Release|Any CPU
		{5002C2B4-4AA6-4F9F-AB00-1CCB7FC97C72}.Debug|Any CPU.ActiveCfg = Debug|Any CPU
		{5002C2B4-4AA6-4F9F-AB00-1CCB7FC97C72}.Debug|Any CPU.Build.0 = Debug|Any CPU
		{5002C2B4-4AA6-4F9F-AB00-1CCB7FC97C72}.Release|Any CPU.ActiveCfg = Release|Any CPU
		{5002C2B4-4AA6-4F9F-AB00-1CCB7FC97C72}.Release|Any CPU.Build.0 = Release|Any CPU
		{81267BDD-667F-4834-AAFD-FDE43FB2F562}.Debug|Any CPU.ActiveCfg = Debug|Any CPU
		{81267BDD-667F-4834-AAFD-FDE43FB2F562}.Debug|Any CPU.Build.0 = Debug|Any CPU
		{81267BDD-667F-4834-AAFD-FDE43FB2F562}.Release|Any CPU.ActiveCfg = Release|Any CPU
		{81267BDD-667F-4834-AAFD-FDE43FB2F562}.Release|Any CPU.Build.0 = Release|Any CPU
	EndGlobalSection
	GlobalSection(SolutionProperties) = preSolution
		HideSolutionNode = FALSE
	EndGlobalSection
	GlobalSection(ExtensibilityGlobals) = postSolution
		SolutionGuid = {76A38DA3-28BC-4B61-BA5E-50B628FB2BF7}
	EndGlobalSection
EndGlobal
